
Microsoft Visual Studio Solution File, Format Version 12.00
# Visual Studio 15
VisualStudioVersion = 15.0.28307.1300
MinimumVisualStudioVersion = 10.0.40219.1
Project("{D2ABAB84-BF74-430A-B69E-9DC6D40DDA17}") = "SSAS_Prj2", "SSAS_Prj2\SSAS_Prj2.dwproj", "{505D6D5C-373D-4C1A-A688-B7C439C0DA01}"
EndProject
Global
	GlobalSection(SolutionConfigurationPlatforms) = preSolution
		Development|Default = Development|Default
	EndGlobalSection
	GlobalSection(ProjectConfigurationPlatforms) = postSolution
		{505D6D5C-373D-4C1A-A688-B7C439C0DA01}.Development|Default.ActiveCfg = Development
		{505D6D5C-373D-4C1A-A688-B7C439C0DA01}.Development|Default.Build.0 = Development
		{505D6D5C-373D-4C1A-A688-B7C439C0DA01}.Development|Default.Deploy.0 = Development
	EndGlobalSection
	GlobalSection(SolutionProperties) = preSolution
		HideSolutionNode = FALSE
	EndGlobalSection
	GlobalSection(ExtensibilityGlobals) = postSolution
		SolutionGuid = {7B73C1E4-1568-4332-9EA8-6AA7697BFAC9}
	EndGlobalSection
EndGlobal
