
Microsoft Visual Studio Solution File, Format Version 12.00
# Visual Studio 15
VisualStudioVersion = 15.0.28307.1300
MinimumVisualStudioVersion = 10.0.40219.1
Project("{D2ABAB84-BF74-430A-B69E-9DC6D40DDA17}") = "MultidimensionalProject1", "MultidimensionalProject1\MultidimensionalProject1.dwproj", "{AD1C5691-7D77-4E08-91C9-2FC3D73B223E}"
EndProject
Global
	GlobalSection(SolutionConfigurationPlatforms) = preSolution
		Development|Default = Development|Default
	EndGlobalSection
	GlobalSection(ProjectConfigurationPlatforms) = postSolution
		{AD1C5691-7D77-4E08-91C9-2FC3D73B223E}.Development|Default.ActiveCfg = Development
		{AD1C5691-7D77-4E08-91C9-2FC3D73B223E}.Development|Default.Build.0 = Development
		{AD1C5691-7D77-4E08-91C9-2FC3D73B223E}.Development|Default.Deploy.0 = Development
	EndGlobalSection
	GlobalSection(SolutionProperties) = preSolution
		HideSolutionNode = FALSE
	EndGlobalSection
	GlobalSection(ExtensibilityGlobals) = postSolution
		SolutionGuid = {6AA39FEC-E1C2-458E-BA43-2D26AC6B74E1}
	EndGlobalSection
EndGlobal
